
Microsoft Visual Studio Solution File, Format Version 12.00
# Visual Studio Version 17
VisualStudioVersion = 17.0.31903.59
MinimumVisualStudioVersion = 10.0.40219.1
Project("{2150E333-8FDC-42A3-9474-1A3956D46DE8}") = "libraries", "libraries", "{5450D088-3062-4362-AC08-650270315B93}"
EndProject
Project("{F2A71F9B-5D33-465A-A702-920D77279786}") = "ballerina-data", "libraries\ballerina-data\ballerina-data.fsproj", "{D55D698F-A291-4443-B6A6-64E520B37058}"
EndProject
Project("{F2A71F9B-5D33-465A-A702-920D77279786}") = "ballerina-seeds", "libraries\ballerina-seeds\ballerina-seeds.fsproj", "{8B85D1FA-797C-400F-81D1-12EF6A69965C}"
EndProject
Project("{F2A71F9B-5D33-465A-A702-920D77279786}") = "ballerina-cat", "libraries\ballerina-cat\ballerina-cat.fsproj", "{14938928-07CB-4068-84D2-D9095ECB8404}"
EndProject
Project("{F2A71F9B-5D33-465A-A702-920D77279786}") = "ballerina-stdlib", "libraries\ballerina-stdlib\ballerina-stdlib.fsproj", "{5615B929-5E7E-435A-B999-6F541A690AB5}"
EndProject
Project("{2150E333-8FDC-42A3-9474-1A3956D46DE8}") = "ballerina-lang", "ballerina-lang", "{D3C4343C-DA52-4F57-A25B-B59DBB003A6D}"
EndProject
Project("{F2A71F9B-5D33-465A-A702-920D77279786}") = "ballerina-lang", "libraries\ballerina-lang\Next\ballerina-lang.fsproj", "{2D8EA17D-2D84-44FF-BB39-E614C4564F40}"
EndProject
Project("{2150E333-8FDC-42A3-9474-1A3956D46DE8}") = "Next", "Next", "{93FD0C0E-DCB5-4C51-AA19-B2DF5434C308}"
EndProject
Project("{F2A71F9B-5D33-465A-A702-920D77279786}") = "ballerina-lang-models", "libraries\ballerina-lang\Next\Models\ballerina-lang-models.fsproj", "{01BD28DA-E466-4B45-87A0-536F90017798}"
EndProject
Project("{F2A71F9B-5D33-465A-A702-920D77279786}") = "ballerina-lang-json", "libraries\ballerina-lang\Next\Json\ballerina-lang-json.fsproj", "{CDE6C0D0-F12F-40B0-A336-F77202500423}"
EndProject
Project("{F2A71F9B-5D33-465A-A702-920D77279786}") = "ballerina-lang-stdlib", "libraries\ballerina-lang\Next\Stdlib\ballerina-lang-stdlib.fsproj", "{AED64D0E-1AE8-4327-A295-DA8BB1AE0498}"
EndProject
Project("{F2A71F9B-5D33-465A-A702-920D77279786}") = "ballerina-lang-eval", "libraries\ballerina-lang\Next\Eval\ballerina-lang-eval.fsproj", "{8AF5F345-AAFE-418A-B28A-3A2351C49763}"
EndProject
Project("{F2A71F9B-5D33-465A-A702-920D77279786}") = "ballerina-lang-parser", "libraries\ballerina-lang\Next\Syntax\ballerina-lang-parser.fsproj", "{14EA7765-8597-4994-9264-8A2112DE25DE}"
EndProject
Project("{F2A71F9B-5D33-465A-A702-920D77279786}") = "ballerina-lang-typecheck", "libraries\ballerina-lang\Next\TypeChecker\ballerina-lang-typecheck.fsproj", "{F7AA4096-C16D-4EB2-A14A-E4530396C914}"
EndProject
Project("{F2A71F9B-5D33-465A-A702-920D77279786}") = "ballerina-lang-v1", "libraries\ballerina-lang\ballerina-lang-v1.fsproj", "{6D3D7CAE-7263-4DCE-9266-998952111590}"
EndProject
Project("{F2A71F9B-5D33-465A-A702-920D77279786}") = "ballerina-forms", "libraries\ballerina-forms\ballerina-forms.fsproj", "{20CA6B9E-8485-4D30-99F9-FD5992067B56}"
EndProject
Project("{2150E333-8FDC-42A3-9474-1A3956D46DE8}") = "apps", "apps", "{D41B8553-6233-40DC-8CB1-852EA3AAAF6F}"
EndProject
Project("{F2A71F9B-5D33-465A-A702-920D77279786}") = "ballerina-data.Tests", "apps\ballerina-data.Tests\ballerina-data.Tests.fsproj", "{601AF984-8A26-44BE-9056-C1A9BC7C40C8}"
EndProject
Project("{F2A71F9B-5D33-465A-A702-920D77279786}") = "ballerina-cat.Tests", "apps\ballerina-cat.Tests\ballerina-cat.Tests.fsproj", "{2D3073D0-873B-4D0E-A216-D7734ACCE084}"
EndProject
Project("{F2A71F9B-5D33-465A-A702-920D77279786}") = "ballerina-lang.Tests", "apps\ballerina-lang.Tests\ballerina-lang.Tests.fsproj", "{FFEA5F64-F286-4B6F-A28B-A1E1684826FB}"
EndProject
Project("{F2A71F9B-5D33-465A-A702-920D77279786}") = "ballerina-stdlib.Tests", "apps\ballerina-stdlib.Tests\ballerina-stdlib.Tests.fsproj", "{15C0A87B-7009-4A39-9490-C011B6E25AC6}"
EndProject
Project("{F2A71F9B-5D33-465A-A702-920D77279786}") = "ballerina-seeds.Tests", "apps\ballerina-seeds.Tests\ballerina-seeds.Tests.fsproj", "{2AFDDC9D-5DE8-4021-A7C6-1BC04C5C6A8D}"
EndProject
Global
	GlobalSection(SolutionConfigurationPlatforms) = preSolution
		Debug|Any CPU = Debug|Any CPU
		Release|Any CPU = Release|Any CPU
	EndGlobalSection
	GlobalSection(SolutionProperties) = preSolution
		HideSolutionNode = FALSE
	EndGlobalSection
	GlobalSection(ProjectConfigurationPlatforms) = postSolution
		{D55D698F-A291-4443-B6A6-64E520B37058}.Debug|Any CPU.ActiveCfg = Debug|Any CPU
		{D55D698F-A291-4443-B6A6-64E520B37058}.Debug|Any CPU.Build.0 = Debug|Any CPU
		{D55D698F-A291-4443-B6A6-64E520B37058}.Release|Any CPU.ActiveCfg = Release|Any CPU
		{D55D698F-A291-4443-B6A6-64E520B37058}.Release|Any CPU.Build.0 = Release|Any CPU
		{8B85D1FA-797C-400F-81D1-12EF6A69965C}.Debug|Any CPU.ActiveCfg = Debug|Any CPU
		{8B85D1FA-797C-400F-81D1-12EF6A69965C}.Debug|Any CPU.Build.0 = Debug|Any CPU
		{8B85D1FA-797C-400F-81D1-12EF6A69965C}.Release|Any CPU.ActiveCfg = Release|Any CPU
		{8B85D1FA-797C-400F-81D1-12EF6A69965C}.Release|Any CPU.Build.0 = Release|Any CPU
		{14938928-07CB-4068-84D2-D9095ECB8404}.Debug|Any CPU.ActiveCfg = Debug|Any CPU
		{14938928-07CB-4068-84D2-D9095ECB8404}.Debug|Any CPU.Build.0 = Debug|Any CPU
		{14938928-07CB-4068-84D2-D9095ECB8404}.Release|Any CPU.ActiveCfg = Release|Any CPU
		{14938928-07CB-4068-84D2-D9095ECB8404}.Release|Any CPU.Build.0 = Release|Any CPU
		{5615B929-5E7E-435A-B999-6F541A690AB5}.Debug|Any CPU.ActiveCfg = Debug|Any CPU
		{5615B929-5E7E-435A-B999-6F541A690AB5}.Debug|Any CPU.Build.0 = Debug|Any CPU
		{5615B929-5E7E-435A-B999-6F541A690AB5}.Release|Any CPU.ActiveCfg = Release|Any CPU
		{5615B929-5E7E-435A-B999-6F541A690AB5}.Release|Any CPU.Build.0 = Release|Any CPU
		{2D8EA17D-2D84-44FF-BB39-E614C4564F40}.Debug|Any CPU.ActiveCfg = Debug|Any CPU
		{2D8EA17D-2D84-44FF-BB39-E614C4564F40}.Debug|Any CPU.Build.0 = Debug|Any CPU
		{2D8EA17D-2D84-44FF-BB39-E614C4564F40}.Release|Any CPU.ActiveCfg = Release|Any CPU
		{2D8EA17D-2D84-44FF-BB39-E614C4564F40}.Release|Any CPU.Build.0 = Release|Any CPU
		{01BD28DA-E466-4B45-87A0-536F90017798}.Debug|Any CPU.ActiveCfg = Debug|Any CPU
		{01BD28DA-E466-4B45-87A0-536F90017798}.Debug|Any CPU.Build.0 = Debug|Any CPU
		{01BD28DA-E466-4B45-87A0-536F90017798}.Release|Any CPU.ActiveCfg = Release|Any CPU
		{01BD28DA-E466-4B45-87A0-536F90017798}.Release|Any CPU.Build.0 = Release|Any CPU
		{CDE6C0D0-F12F-40B0-A336-F77202500423}.Debug|Any CPU.ActiveCfg = Debug|Any CPU
		{CDE6C0D0-F12F-40B0-A336-F77202500423}.Debug|Any CPU.Build.0 = Debug|Any CPU
		{CDE6C0D0-F12F-40B0-A336-F77202500423}.Release|Any CPU.ActiveCfg = Release|Any CPU
		{CDE6C0D0-F12F-40B0-A336-F77202500423}.Release|Any CPU.Build.0 = Release|Any CPU
		{AED64D0E-1AE8-4327-A295-DA8BB1AE0498}.Debug|Any CPU.ActiveCfg = Debug|Any CPU
		{AED64D0E-1AE8-4327-A295-DA8BB1AE0498}.Debug|Any CPU.Build.0 = Debug|Any CPU
		{AED64D0E-1AE8-4327-A295-DA8BB1AE0498}.Release|Any CPU.ActiveCfg = Release|Any CPU
		{AED64D0E-1AE8-4327-A295-DA8BB1AE0498}.Release|Any CPU.Build.0 = Release|Any CPU
		{8AF5F345-AAFE-418A-B28A-3A2351C49763}.Debug|Any CPU.ActiveCfg = Debug|Any CPU
		{8AF5F345-AAFE-418A-B28A-3A2351C49763}.Debug|Any CPU.Build.0 = Debug|Any CPU
		{8AF5F345-AAFE-418A-B28A-3A2351C49763}.Release|Any CPU.ActiveCfg = Release|Any CPU
		{8AF5F345-AAFE-418A-B28A-3A2351C49763}.Release|Any CPU.Build.0 = Release|Any CPU
		{14EA7765-8597-4994-9264-8A2112DE25DE}.Debug|Any CPU.ActiveCfg = Debug|Any CPU
		{14EA7765-8597-4994-9264-8A2112DE25DE}.Debug|Any CPU.Build.0 = Debug|Any CPU
		{14EA7765-8597-4994-9264-8A2112DE25DE}.Release|Any CPU.ActiveCfg = Release|Any CPU
		{14EA7765-8597-4994-9264-8A2112DE25DE}.Release|Any CPU.Build.0 = Release|Any CPU
		{F7AA4096-C16D-4EB2-A14A-E4530396C914}.Debug|Any CPU.ActiveCfg = Debug|Any CPU
		{F7AA4096-C16D-4EB2-A14A-E4530396C914}.Debug|Any CPU.Build.0 = Debug|Any CPU
		{F7AA4096-C16D-4EB2-A14A-E4530396C914}.Release|Any CPU.ActiveCfg = Release|Any CPU
		{F7AA4096-C16D-4EB2-A14A-E4530396C914}.Release|Any CPU.Build.0 = Release|Any CPU
		{6D3D7CAE-7263-4DCE-9266-998952111590}.Debug|Any CPU.ActiveCfg = Debug|Any CPU
		{6D3D7CAE-7263-4DCE-9266-998952111590}.Debug|Any CPU.Build.0 = Debug|Any CPU
		{6D3D7CAE-7263-4DCE-9266-998952111590}.Release|Any CPU.ActiveCfg = Release|Any CPU
		{6D3D7CAE-7263-4DCE-9266-998952111590}.Release|Any CPU.Build.0 = Release|Any CPU
		{20CA6B9E-8485-4D30-99F9-FD5992067B56}.Debug|Any CPU.ActiveCfg = Debug|Any CPU
		{20CA6B9E-8485-4D30-99F9-FD5992067B56}.Debug|Any CPU.Build.0 = Debug|Any CPU
		{20CA6B9E-8485-4D30-99F9-FD5992067B56}.Release|Any CPU.ActiveCfg = Release|Any CPU
		{20CA6B9E-8485-4D30-99F9-FD5992067B56}.Release|Any CPU.Build.0 = Release|Any CPU
		{601AF984-8A26-44BE-9056-C1A9BC7C40C8}.Debug|Any CPU.ActiveCfg = Debug|Any CPU
		{601AF984-8A26-44BE-9056-C1A9BC7C40C8}.Debug|Any CPU.Build.0 = Debug|Any CPU
		{601AF984-8A26-44BE-9056-C1A9BC7C40C8}.Release|Any CPU.ActiveCfg = Release|Any CPU
		{601AF984-8A26-44BE-9056-C1A9BC7C40C8}.Release|Any CPU.Build.0 = Release|Any CPU
		{2D3073D0-873B-4D0E-A216-D7734ACCE084}.Debug|Any CPU.ActiveCfg = Debug|Any CPU
		{2D3073D0-873B-4D0E-A216-D7734ACCE084}.Debug|Any CPU.Build.0 = Debug|Any CPU
		{2D3073D0-873B-4D0E-A216-D7734ACCE084}.Release|Any CPU.ActiveCfg = Release|Any CPU
		{2D3073D0-873B-4D0E-A216-D7734ACCE084}.Release|Any CPU.Build.0 = Release|Any CPU
		{FFEA5F64-F286-4B6F-A28B-A1E1684826FB}.Debug|Any CPU.ActiveCfg = Debug|Any CPU
		{FFEA5F64-F286-4B6F-A28B-A1E1684826FB}.Debug|Any CPU.Build.0 = Debug|Any CPU
		{FFEA5F64-F286-4B6F-A28B-A1E1684826FB}.Release|Any CPU.ActiveCfg = Release|Any CPU
		{FFEA5F64-F286-4B6F-A28B-A1E1684826FB}.Release|Any CPU.Build.0 = Release|Any CPU
		{15C0A87B-7009-4A39-9490-C011B6E25AC6}.Debug|Any CPU.ActiveCfg = Debug|Any CPU
		{15C0A87B-7009-4A39-9490-C011B6E25AC6}.Debug|Any CPU.Build.0 = Debug|Any CPU
		{15C0A87B-7009-4A39-9490-C011B6E25AC6}.Release|Any CPU.ActiveCfg = Release|Any CPU
		{15C0A87B-7009-4A39-9490-C011B6E25AC6}.Release|Any CPU.Build.0 = Release|Any CPU
		{2AFDDC9D-5DE8-4021-A7C6-1BC04C5C6A8D}.Debug|Any CPU.ActiveCfg = Debug|Any CPU
		{2AFDDC9D-5DE8-4021-A7C6-1BC04C5C6A8D}.Debug|Any CPU.Build.0 = Debug|Any CPU
		{2AFDDC9D-5DE8-4021-A7C6-1BC04C5C6A8D}.Release|Any CPU.ActiveCfg = Release|Any CPU
		{2AFDDC9D-5DE8-4021-A7C6-1BC04C5C6A8D}.Release|Any CPU.Build.0 = Release|Any CPU
	EndGlobalSection
	GlobalSection(NestedProjects) = preSolution
		{D55D698F-A291-4443-B6A6-64E520B37058} = {5450D088-3062-4362-AC08-650270315B93}
		{8B85D1FA-797C-400F-81D1-12EF6A69965C} = {5450D088-3062-4362-AC08-650270315B93}
		{14938928-07CB-4068-84D2-D9095ECB8404} = {5450D088-3062-4362-AC08-650270315B93}
		{5615B929-5E7E-435A-B999-6F541A690AB5} = {5450D088-3062-4362-AC08-650270315B93}
		{D3C4343C-DA52-4F57-A25B-B59DBB003A6D} = {5450D088-3062-4362-AC08-650270315B93}
		{2D8EA17D-2D84-44FF-BB39-E614C4564F40} = {D3C4343C-DA52-4F57-A25B-B59DBB003A6D}
		{93FD0C0E-DCB5-4C51-AA19-B2DF5434C308} = {D3C4343C-DA52-4F57-A25B-B59DBB003A6D}
		{01BD28DA-E466-4B45-87A0-536F90017798} = {93FD0C0E-DCB5-4C51-AA19-B2DF5434C308}
		{CDE6C0D0-F12F-40B0-A336-F77202500423} = {93FD0C0E-DCB5-4C51-AA19-B2DF5434C308}
		{AED64D0E-1AE8-4327-A295-DA8BB1AE0498} = {93FD0C0E-DCB5-4C51-AA19-B2DF5434C308}
		{8AF5F345-AAFE-418A-B28A-3A2351C49763} = {93FD0C0E-DCB5-4C51-AA19-B2DF5434C308}
		{14EA7765-8597-4994-9264-8A2112DE25DE} = {93FD0C0E-DCB5-4C51-AA19-B2DF5434C308}
		{F7AA4096-C16D-4EB2-A14A-E4530396C914} = {93FD0C0E-DCB5-4C51-AA19-B2DF5434C308}
		{6D3D7CAE-7263-4DCE-9266-998952111590} = {5450D088-3062-4362-AC08-650270315B93}
		{20CA6B9E-8485-4D30-99F9-FD5992067B56} = {5450D088-3062-4362-AC08-650270315B93}
		{601AF984-8A26-44BE-9056-C1A9BC7C40C8} = {D41B8553-6233-40DC-8CB1-852EA3AAAF6F}
		{2D3073D0-873B-4D0E-A216-D7734ACCE084} = {D41B8553-6233-40DC-8CB1-852EA3AAAF6F}
		{FFEA5F64-F286-4B6F-A28B-A1E1684826FB} = {D41B8553-6233-40DC-8CB1-852EA3AAAF6F}
		{15C0A87B-7009-4A39-9490-C011B6E25AC6} = {D41B8553-6233-40DC-8CB1-852EA3AAAF6F}
		{2AFDDC9D-5DE8-4021-A7C6-1BC04C5C6A8D} = {D41B8553-6233-40DC-8CB1-852EA3AAAF6F}
	EndGlobalSection
EndGlobal
