
Microsoft Visual Studio Solution File, Format Version 12.00
# Visual Studio Version 17
VisualStudioVersion = 17.0.31903.59
MinimumVisualStudioVersion = 10.0.40219.1
Project("{2150E333-8FDC-42A3-9474-1A3956D46DE8}") = "libraries", "libraries", "{5450D088-3062-4362-AC08-650270315B93}"
EndProject
Project("{F2A71F9B-5D33-465A-A702-920D77279786}") = "ballerina-cat", "libraries\ballerina-cat\ballerina-cat.fsproj", "{14938928-07CB-4068-84D2-D9095ECB8404}"
EndProject
Project("{F2A71F9B-5D33-465A-A702-920D77279786}") = "ballerina-stdlib", "libraries\ballerina-stdlib\ballerina-stdlib.fsproj", "{5615B929-5E7E-435A-B999-6F541A690AB5}"
EndProject
Project("{2150E333-8FDC-42A3-9474-1A3956D46DE8}") = "ballerina-lang", "ballerina-lang", "{D3C4343C-DA52-4F57-A25B-B59DBB003A6D}"
EndProject
Project("{F2A71F9B-5D33-465A-A702-920D77279786}") = "ballerina-lang", "libraries\ballerina-lang\Next\ballerina-lang.fsproj", "{2D8EA17D-2D84-44FF-BB39-E614C4564F40}"
EndProject
Project("{2150E333-8FDC-42A3-9474-1A3956D46DE8}") = "Next", "Next", "{93FD0C0E-DCB5-4C51-AA19-B2DF5434C308}"
EndProject
Project("{F2A71F9B-5D33-465A-A702-920D77279786}") = "ballerina-lang-models", "libraries\ballerina-lang\Next\Models\ballerina-lang-models.fsproj", "{01BD28DA-E466-4B45-87A0-536F90017798}"
EndProject
Project("{F2A71F9B-5D33-465A-A702-920D77279786}") = "ballerina-lang-stdlib", "libraries\ballerina-lang\Next\Stdlib\ballerina-lang-stdlib.fsproj", "{AED64D0E-1AE8-4327-A295-DA8BB1AE0498}"
EndProject
Project("{F2A71F9B-5D33-465A-A702-920D77279786}") = "ballerina-lang-eval", "libraries\ballerina-lang\Next\Eval\ballerina-lang-eval.fsproj", "{8AF5F345-AAFE-418A-B28A-3A2351C49763}"
EndProject
Project("{F2A71F9B-5D33-465A-A702-920D77279786}") = "ballerina-lang-parser", "libraries\ballerina-lang\Next\Syntax\ballerina-lang-parser.fsproj", "{14EA7765-8597-4994-9264-8A2112DE25DE}"
EndProject
Project("{F2A71F9B-5D33-465A-A702-920D77279786}") = "ballerina-lang-typecheck", "libraries\ballerina-lang\Next\TypeChecker\ballerina-lang-typecheck.fsproj", "{F7AA4096-C16D-4EB2-A14A-E4530396C914}"
EndProject
Project("{2150E333-8FDC-42A3-9474-1A3956D46DE8}") = "apps", "apps", "{D41B8553-6233-40DC-8CB1-852EA3AAAF6F}"
EndProject
Project("{F2A71F9B-5D33-465A-A702-920D77279786}") = "ballerina-cat.Tests", "apps\ballerina-cat.Tests\ballerina-cat.Tests.fsproj", "{2D3073D0-873B-4D0E-A216-D7734ACCE084}"
EndProject
Project("{F2A71F9B-5D33-465A-A702-920D77279786}") = "ballerina-stdlib.Tests", "apps\ballerina-stdlib.Tests\ballerina-stdlib.Tests.fsproj", "{15C0A87B-7009-4A39-9490-C011B6E25AC6}"
EndProject
Project("{F2A71F9B-5D33-465A-A702-920D77279786}") = "ballerina-db-api-playground", "apps\ballerina-db-api-playground\ballerina-db-api-playground.fsproj", "{97299267-C055-49F2-AE0D-F4E34D62BF2E}"
EndProject
Project("{F2A71F9B-5D33-465A-A702-920D77279786}") = "ballerina-api-filedb-factory", "libraries\ballerina-api-filedb-factory\ballerina-api-filedb-factory.fsproj", "{E7B33842-FF45-4090-B42C-5D53B5114EA9}"
EndProject
Project("{2150E333-8FDC-42A3-9474-1A3956D46DE8}") = "Stdlib", "Stdlib", "{FDD45663-1C6E-E651-49E9-B0C976B17E74}"
EndProject
Project("{F2A71F9B-5D33-465A-A702-920D77279786}") = "ballerina-memorydb", "libraries\ballerina-memorydb\ballerina-memorydb.fsproj", "{7327F6F1-BE45-49EA-AFE2-90BFCEA827D3}"
EndProject
Project("{2150E333-8FDC-42A3-9474-1A3956D46DE8}") = "Serialization", "Serialization", "{30FA8068-2B88-61D1-3B36-11971ACBD7AE}"
EndProject
Project("{F2A71F9B-5D33-465A-A702-920D77279786}") = "ballerina-lang-serialization", "libraries\ballerina-lang\Next\Serialization\ballerina-lang-serialization.fsproj", "{67BF23A5-E30C-4837-AE27-6F5637669262}"
EndProject
Project("{2150E333-8FDC-42A3-9474-1A3956D46DE8}") = "Models", "Models", "{D922ADB3-57CC-7D7E-0280-FF7CD72A47B2}"
EndProject
Project("{2150E333-8FDC-42A3-9474-1A3956D46DE8}") = "TypeChecker", "TypeChecker", "{2208AA3E-B9AB-4175-98AA-535D2AB91B6B}"
EndProject
Project("{F2A71F9B-5D33-465A-A702-920D77279786}") = "ballerina-api", "libraries\ballerina-api\ballerina-api.fsproj", "{ADCE8ADB-B12E-4F48-AB5E-E960572F52FA}"
EndProject
Project("{F2A71F9B-5D33-465A-A702-920D77279786}") = "msgpack-serialization", "libraries\msgpack-serialization\msgpack-serialization.fsproj", "{5619048B-FAE7-457A-9C30-93E293604DAD}"
EndProject
Project("{F2A71F9B-5D33-465A-A702-920D77279786}") = "ballerina-filedb", "libraries\ballerina-filedb\ballerina-filedb.fsproj", "{E7B8B37E-9DE0-49A1-BC1C-E1CB3F801D83}"
EndProject
Project("{F2A71F9B-5D33-465A-A702-920D77279786}") = "ballerina-db-api-playground-factory", "apps\ballerina-db-api-playground-factory\ballerina-db-api-playground-factory.fsproj", "{D42EFEB9-652E-4945-BF74-F7C49C920528}"
EndProject
Global
	GlobalSection(SolutionConfigurationPlatforms) = preSolution
		Debug|Any CPU = Debug|Any CPU
		Debug|x64 = Debug|x64
		Debug|x86 = Debug|x86
		Release|Any CPU = Release|Any CPU
		Release|x64 = Release|x64
		Release|x86 = Release|x86
	EndGlobalSection
	GlobalSection(ProjectConfigurationPlatforms) = postSolution
		{14938928-07CB-4068-84D2-D9095ECB8404}.Debug|Any CPU.ActiveCfg = Debug|Any CPU
		{14938928-07CB-4068-84D2-D9095ECB8404}.Debug|Any CPU.Build.0 = Debug|Any CPU
		{14938928-07CB-4068-84D2-D9095ECB8404}.Debug|x64.ActiveCfg = Debug|Any CPU
		{14938928-07CB-4068-84D2-D9095ECB8404}.Debug|x64.Build.0 = Debug|Any CPU
		{14938928-07CB-4068-84D2-D9095ECB8404}.Debug|x86.ActiveCfg = Debug|Any CPU
		{14938928-07CB-4068-84D2-D9095ECB8404}.Debug|x86.Build.0 = Debug|Any CPU
		{14938928-07CB-4068-84D2-D9095ECB8404}.Release|Any CPU.ActiveCfg = Release|Any CPU
		{14938928-07CB-4068-84D2-D9095ECB8404}.Release|Any CPU.Build.0 = Release|Any CPU
		{14938928-07CB-4068-84D2-D9095ECB8404}.Release|x64.ActiveCfg = Release|Any CPU
		{14938928-07CB-4068-84D2-D9095ECB8404}.Release|x64.Build.0 = Release|Any CPU
		{14938928-07CB-4068-84D2-D9095ECB8404}.Release|x86.ActiveCfg = Release|Any CPU
		{14938928-07CB-4068-84D2-D9095ECB8404}.Release|x86.Build.0 = Release|Any CPU
		{5615B929-5E7E-435A-B999-6F541A690AB5}.Debug|Any CPU.ActiveCfg = Debug|Any CPU
		{5615B929-5E7E-435A-B999-6F541A690AB5}.Debug|Any CPU.Build.0 = Debug|Any CPU
		{5615B929-5E7E-435A-B999-6F541A690AB5}.Debug|x64.ActiveCfg = Debug|Any CPU
		{5615B929-5E7E-435A-B999-6F541A690AB5}.Debug|x64.Build.0 = Debug|Any CPU
		{5615B929-5E7E-435A-B999-6F541A690AB5}.Debug|x86.ActiveCfg = Debug|Any CPU
		{5615B929-5E7E-435A-B999-6F541A690AB5}.Debug|x86.Build.0 = Debug|Any CPU
		{5615B929-5E7E-435A-B999-6F541A690AB5}.Release|Any CPU.ActiveCfg = Release|Any CPU
		{5615B929-5E7E-435A-B999-6F541A690AB5}.Release|Any CPU.Build.0 = Release|Any CPU
		{5615B929-5E7E-435A-B999-6F541A690AB5}.Release|x64.ActiveCfg = Release|Any CPU
		{5615B929-5E7E-435A-B999-6F541A690AB5}.Release|x64.Build.0 = Release|Any CPU
		{5615B929-5E7E-435A-B999-6F541A690AB5}.Release|x86.ActiveCfg = Release|Any CPU
		{5615B929-5E7E-435A-B999-6F541A690AB5}.Release|x86.Build.0 = Release|Any CPU
		{2D8EA17D-2D84-44FF-BB39-E614C4564F40}.Debug|Any CPU.ActiveCfg = Debug|Any CPU
		{2D8EA17D-2D84-44FF-BB39-E614C4564F40}.Debug|Any CPU.Build.0 = Debug|Any CPU
		{2D8EA17D-2D84-44FF-BB39-E614C4564F40}.Debug|x64.ActiveCfg = Debug|Any CPU
		{2D8EA17D-2D84-44FF-BB39-E614C4564F40}.Debug|x64.Build.0 = Debug|Any CPU
		{2D8EA17D-2D84-44FF-BB39-E614C4564F40}.Debug|x86.ActiveCfg = Debug|Any CPU
		{2D8EA17D-2D84-44FF-BB39-E614C4564F40}.Debug|x86.Build.0 = Debug|Any CPU
		{2D8EA17D-2D84-44FF-BB39-E614C4564F40}.Release|Any CPU.ActiveCfg = Release|Any CPU
		{2D8EA17D-2D84-44FF-BB39-E614C4564F40}.Release|Any CPU.Build.0 = Release|Any CPU
		{2D8EA17D-2D84-44FF-BB39-E614C4564F40}.Release|x64.ActiveCfg = Release|Any CPU
		{2D8EA17D-2D84-44FF-BB39-E614C4564F40}.Release|x64.Build.0 = Release|Any CPU
		{2D8EA17D-2D84-44FF-BB39-E614C4564F40}.Release|x86.ActiveCfg = Release|Any CPU
		{2D8EA17D-2D84-44FF-BB39-E614C4564F40}.Release|x86.Build.0 = Release|Any CPU
		{01BD28DA-E466-4B45-87A0-536F90017798}.Debug|Any CPU.ActiveCfg = Debug|Any CPU
		{01BD28DA-E466-4B45-87A0-536F90017798}.Debug|Any CPU.Build.0 = Debug|Any CPU
		{01BD28DA-E466-4B45-87A0-536F90017798}.Debug|x64.ActiveCfg = Debug|Any CPU
		{01BD28DA-E466-4B45-87A0-536F90017798}.Debug|x64.Build.0 = Debug|Any CPU
		{01BD28DA-E466-4B45-87A0-536F90017798}.Debug|x86.ActiveCfg = Debug|Any CPU
		{01BD28DA-E466-4B45-87A0-536F90017798}.Debug|x86.Build.0 = Debug|Any CPU
		{01BD28DA-E466-4B45-87A0-536F90017798}.Release|Any CPU.ActiveCfg = Release|Any CPU
		{01BD28DA-E466-4B45-87A0-536F90017798}.Release|Any CPU.Build.0 = Release|Any CPU
		{01BD28DA-E466-4B45-87A0-536F90017798}.Release|x64.ActiveCfg = Release|Any CPU
		{01BD28DA-E466-4B45-87A0-536F90017798}.Release|x64.Build.0 = Release|Any CPU
		{01BD28DA-E466-4B45-87A0-536F90017798}.Release|x86.ActiveCfg = Release|Any CPU
		{01BD28DA-E466-4B45-87A0-536F90017798}.Release|x86.Build.0 = Release|Any CPU
		{AED64D0E-1AE8-4327-A295-DA8BB1AE0498}.Debug|Any CPU.ActiveCfg = Debug|Any CPU
		{AED64D0E-1AE8-4327-A295-DA8BB1AE0498}.Debug|Any CPU.Build.0 = Debug|Any CPU
		{AED64D0E-1AE8-4327-A295-DA8BB1AE0498}.Debug|x64.ActiveCfg = Debug|Any CPU
		{AED64D0E-1AE8-4327-A295-DA8BB1AE0498}.Debug|x64.Build.0 = Debug|Any CPU
		{AED64D0E-1AE8-4327-A295-DA8BB1AE0498}.Debug|x86.ActiveCfg = Debug|Any CPU
		{AED64D0E-1AE8-4327-A295-DA8BB1AE0498}.Debug|x86.Build.0 = Debug|Any CPU
		{AED64D0E-1AE8-4327-A295-DA8BB1AE0498}.Release|Any CPU.ActiveCfg = Release|Any CPU
		{AED64D0E-1AE8-4327-A295-DA8BB1AE0498}.Release|Any CPU.Build.0 = Release|Any CPU
		{AED64D0E-1AE8-4327-A295-DA8BB1AE0498}.Release|x64.ActiveCfg = Release|Any CPU
		{AED64D0E-1AE8-4327-A295-DA8BB1AE0498}.Release|x64.Build.0 = Release|Any CPU
		{AED64D0E-1AE8-4327-A295-DA8BB1AE0498}.Release|x86.ActiveCfg = Release|Any CPU
		{AED64D0E-1AE8-4327-A295-DA8BB1AE0498}.Release|x86.Build.0 = Release|Any CPU
		{8AF5F345-AAFE-418A-B28A-3A2351C49763}.Debug|Any CPU.ActiveCfg = Debug|Any CPU
		{8AF5F345-AAFE-418A-B28A-3A2351C49763}.Debug|Any CPU.Build.0 = Debug|Any CPU
		{8AF5F345-AAFE-418A-B28A-3A2351C49763}.Debug|x64.ActiveCfg = Debug|Any CPU
		{8AF5F345-AAFE-418A-B28A-3A2351C49763}.Debug|x64.Build.0 = Debug|Any CPU
		{8AF5F345-AAFE-418A-B28A-3A2351C49763}.Debug|x86.ActiveCfg = Debug|Any CPU
		{8AF5F345-AAFE-418A-B28A-3A2351C49763}.Debug|x86.Build.0 = Debug|Any CPU
		{8AF5F345-AAFE-418A-B28A-3A2351C49763}.Release|Any CPU.ActiveCfg = Release|Any CPU
		{8AF5F345-AAFE-418A-B28A-3A2351C49763}.Release|Any CPU.Build.0 = Release|Any CPU
		{8AF5F345-AAFE-418A-B28A-3A2351C49763}.Release|x64.ActiveCfg = Release|Any CPU
		{8AF5F345-AAFE-418A-B28A-3A2351C49763}.Release|x64.Build.0 = Release|Any CPU
		{8AF5F345-AAFE-418A-B28A-3A2351C49763}.Release|x86.ActiveCfg = Release|Any CPU
		{8AF5F345-AAFE-418A-B28A-3A2351C49763}.Release|x86.Build.0 = Release|Any CPU
		{14EA7765-8597-4994-9264-8A2112DE25DE}.Debug|Any CPU.ActiveCfg = Debug|Any CPU
		{14EA7765-8597-4994-9264-8A2112DE25DE}.Debug|Any CPU.Build.0 = Debug|Any CPU
		{14EA7765-8597-4994-9264-8A2112DE25DE}.Debug|x64.ActiveCfg = Debug|Any CPU
		{14EA7765-8597-4994-9264-8A2112DE25DE}.Debug|x64.Build.0 = Debug|Any CPU
		{14EA7765-8597-4994-9264-8A2112DE25DE}.Debug|x86.ActiveCfg = Debug|Any CPU
		{14EA7765-8597-4994-9264-8A2112DE25DE}.Debug|x86.Build.0 = Debug|Any CPU
		{14EA7765-8597-4994-9264-8A2112DE25DE}.Release|Any CPU.ActiveCfg = Release|Any CPU
		{14EA7765-8597-4994-9264-8A2112DE25DE}.Release|Any CPU.Build.0 = Release|Any CPU
		{14EA7765-8597-4994-9264-8A2112DE25DE}.Release|x64.ActiveCfg = Release|Any CPU
		{14EA7765-8597-4994-9264-8A2112DE25DE}.Release|x64.Build.0 = Release|Any CPU
		{14EA7765-8597-4994-9264-8A2112DE25DE}.Release|x86.ActiveCfg = Release|Any CPU
		{14EA7765-8597-4994-9264-8A2112DE25DE}.Release|x86.Build.0 = Release|Any CPU
		{F7AA4096-C16D-4EB2-A14A-E4530396C914}.Debug|Any CPU.ActiveCfg = Debug|Any CPU
		{F7AA4096-C16D-4EB2-A14A-E4530396C914}.Debug|Any CPU.Build.0 = Debug|Any CPU
		{F7AA4096-C16D-4EB2-A14A-E4530396C914}.Debug|x64.ActiveCfg = Debug|Any CPU
		{F7AA4096-C16D-4EB2-A14A-E4530396C914}.Debug|x64.Build.0 = Debug|Any CPU
		{F7AA4096-C16D-4EB2-A14A-E4530396C914}.Debug|x86.ActiveCfg = Debug|Any CPU
		{F7AA4096-C16D-4EB2-A14A-E4530396C914}.Debug|x86.Build.0 = Debug|Any CPU
		{F7AA4096-C16D-4EB2-A14A-E4530396C914}.Release|Any CPU.ActiveCfg = Release|Any CPU
		{F7AA4096-C16D-4EB2-A14A-E4530396C914}.Release|Any CPU.Build.0 = Release|Any CPU
		{F7AA4096-C16D-4EB2-A14A-E4530396C914}.Release|x64.ActiveCfg = Release|Any CPU
		{F7AA4096-C16D-4EB2-A14A-E4530396C914}.Release|x64.Build.0 = Release|Any CPU
		{F7AA4096-C16D-4EB2-A14A-E4530396C914}.Release|x86.ActiveCfg = Release|Any CPU
		{F7AA4096-C16D-4EB2-A14A-E4530396C914}.Release|x86.Build.0 = Release|Any CPU
		{2D3073D0-873B-4D0E-A216-D7734ACCE084}.Debug|Any CPU.ActiveCfg = Debug|Any CPU
		{2D3073D0-873B-4D0E-A216-D7734ACCE084}.Debug|Any CPU.Build.0 = Debug|Any CPU
		{2D3073D0-873B-4D0E-A216-D7734ACCE084}.Debug|x64.ActiveCfg = Debug|Any CPU
		{2D3073D0-873B-4D0E-A216-D7734ACCE084}.Debug|x64.Build.0 = Debug|Any CPU
		{2D3073D0-873B-4D0E-A216-D7734ACCE084}.Debug|x86.ActiveCfg = Debug|Any CPU
		{2D3073D0-873B-4D0E-A216-D7734ACCE084}.Debug|x86.Build.0 = Debug|Any CPU
		{2D3073D0-873B-4D0E-A216-D7734ACCE084}.Release|Any CPU.ActiveCfg = Release|Any CPU
		{2D3073D0-873B-4D0E-A216-D7734ACCE084}.Release|Any CPU.Build.0 = Release|Any CPU
		{2D3073D0-873B-4D0E-A216-D7734ACCE084}.Release|x64.ActiveCfg = Release|Any CPU
		{2D3073D0-873B-4D0E-A216-D7734ACCE084}.Release|x64.Build.0 = Release|Any CPU
		{2D3073D0-873B-4D0E-A216-D7734ACCE084}.Release|x86.ActiveCfg = Release|Any CPU
		{2D3073D0-873B-4D0E-A216-D7734ACCE084}.Release|x86.Build.0 = Release|Any CPU
		{15C0A87B-7009-4A39-9490-C011B6E25AC6}.Debug|Any CPU.ActiveCfg = Debug|Any CPU
		{15C0A87B-7009-4A39-9490-C011B6E25AC6}.Debug|Any CPU.Build.0 = Debug|Any CPU
		{15C0A87B-7009-4A39-9490-C011B6E25AC6}.Debug|x64.ActiveCfg = Debug|Any CPU
		{15C0A87B-7009-4A39-9490-C011B6E25AC6}.Debug|x64.Build.0 = Debug|Any CPU
		{15C0A87B-7009-4A39-9490-C011B6E25AC6}.Debug|x86.ActiveCfg = Debug|Any CPU
		{15C0A87B-7009-4A39-9490-C011B6E25AC6}.Debug|x86.Build.0 = Debug|Any CPU
		{15C0A87B-7009-4A39-9490-C011B6E25AC6}.Release|Any CPU.ActiveCfg = Release|Any CPU
		{15C0A87B-7009-4A39-9490-C011B6E25AC6}.Release|Any CPU.Build.0 = Release|Any CPU
		{15C0A87B-7009-4A39-9490-C011B6E25AC6}.Release|x64.ActiveCfg = Release|Any CPU
		{15C0A87B-7009-4A39-9490-C011B6E25AC6}.Release|x64.Build.0 = Release|Any CPU
		{15C0A87B-7009-4A39-9490-C011B6E25AC6}.Release|x86.ActiveCfg = Release|Any CPU
		{15C0A87B-7009-4A39-9490-C011B6E25AC6}.Release|x86.Build.0 = Release|Any CPU
		{97299267-C055-49F2-AE0D-F4E34D62BF2E}.Debug|Any CPU.ActiveCfg = Debug|Any CPU
		{97299267-C055-49F2-AE0D-F4E34D62BF2E}.Debug|Any CPU.Build.0 = Debug|Any CPU
		{97299267-C055-49F2-AE0D-F4E34D62BF2E}.Debug|x64.ActiveCfg = Debug|Any CPU
		{97299267-C055-49F2-AE0D-F4E34D62BF2E}.Debug|x64.Build.0 = Debug|Any CPU
		{97299267-C055-49F2-AE0D-F4E34D62BF2E}.Debug|x86.ActiveCfg = Debug|Any CPU
		{97299267-C055-49F2-AE0D-F4E34D62BF2E}.Debug|x86.Build.0 = Debug|Any CPU
		{97299267-C055-49F2-AE0D-F4E34D62BF2E}.Release|Any CPU.ActiveCfg = Release|Any CPU
		{97299267-C055-49F2-AE0D-F4E34D62BF2E}.Release|Any CPU.Build.0 = Release|Any CPU
		{97299267-C055-49F2-AE0D-F4E34D62BF2E}.Release|x64.ActiveCfg = Release|Any CPU
		{97299267-C055-49F2-AE0D-F4E34D62BF2E}.Release|x64.Build.0 = Release|Any CPU
		{97299267-C055-49F2-AE0D-F4E34D62BF2E}.Release|x86.ActiveCfg = Release|Any CPU
		{97299267-C055-49F2-AE0D-F4E34D62BF2E}.Release|x86.Build.0 = Release|Any CPU
		{E7B33842-FF45-4090-B42C-5D53B5114EA9}.Debug|Any CPU.ActiveCfg = Debug|Any CPU
		{E7B33842-FF45-4090-B42C-5D53B5114EA9}.Debug|Any CPU.Build.0 = Debug|Any CPU
		{E7B33842-FF45-4090-B42C-5D53B5114EA9}.Debug|x64.ActiveCfg = Debug|Any CPU
		{E7B33842-FF45-4090-B42C-5D53B5114EA9}.Debug|x64.Build.0 = Debug|Any CPU
		{E7B33842-FF45-4090-B42C-5D53B5114EA9}.Debug|x86.ActiveCfg = Debug|Any CPU
		{E7B33842-FF45-4090-B42C-5D53B5114EA9}.Debug|x86.Build.0 = Debug|Any CPU
		{E7B33842-FF45-4090-B42C-5D53B5114EA9}.Release|Any CPU.ActiveCfg = Release|Any CPU
		{E7B33842-FF45-4090-B42C-5D53B5114EA9}.Release|Any CPU.Build.0 = Release|Any CPU
		{E7B33842-FF45-4090-B42C-5D53B5114EA9}.Release|x64.ActiveCfg = Release|Any CPU
		{E7B33842-FF45-4090-B42C-5D53B5114EA9}.Release|x64.Build.0 = Release|Any CPU
		{E7B33842-FF45-4090-B42C-5D53B5114EA9}.Release|x86.ActiveCfg = Release|Any CPU
		{E7B33842-FF45-4090-B42C-5D53B5114EA9}.Release|x86.Build.0 = Release|Any CPU
		{7327F6F1-BE45-49EA-AFE2-90BFCEA827D3}.Debug|Any CPU.ActiveCfg = Debug|Any CPU
		{7327F6F1-BE45-49EA-AFE2-90BFCEA827D3}.Debug|Any CPU.Build.0 = Debug|Any CPU
		{7327F6F1-BE45-49EA-AFE2-90BFCEA827D3}.Debug|x64.ActiveCfg = Debug|Any CPU
		{7327F6F1-BE45-49EA-AFE2-90BFCEA827D3}.Debug|x64.Build.0 = Debug|Any CPU
		{7327F6F1-BE45-49EA-AFE2-90BFCEA827D3}.Debug|x86.ActiveCfg = Debug|Any CPU
		{7327F6F1-BE45-49EA-AFE2-90BFCEA827D3}.Debug|x86.Build.0 = Debug|Any CPU
		{7327F6F1-BE45-49EA-AFE2-90BFCEA827D3}.Release|Any CPU.ActiveCfg = Release|Any CPU
		{7327F6F1-BE45-49EA-AFE2-90BFCEA827D3}.Release|Any CPU.Build.0 = Release|Any CPU
		{7327F6F1-BE45-49EA-AFE2-90BFCEA827D3}.Release|x64.ActiveCfg = Release|Any CPU
		{7327F6F1-BE45-49EA-AFE2-90BFCEA827D3}.Release|x64.Build.0 = Release|Any CPU
		{7327F6F1-BE45-49EA-AFE2-90BFCEA827D3}.Release|x86.ActiveCfg = Release|Any CPU
		{7327F6F1-BE45-49EA-AFE2-90BFCEA827D3}.Release|x86.Build.0 = Release|Any CPU
		{67BF23A5-E30C-4837-AE27-6F5637669262}.Debug|Any CPU.ActiveCfg = Debug|Any CPU
		{67BF23A5-E30C-4837-AE27-6F5637669262}.Debug|Any CPU.Build.0 = Debug|Any CPU
		{67BF23A5-E30C-4837-AE27-6F5637669262}.Debug|x64.ActiveCfg = Debug|Any CPU
		{67BF23A5-E30C-4837-AE27-6F5637669262}.Debug|x64.Build.0 = Debug|Any CPU
		{67BF23A5-E30C-4837-AE27-6F5637669262}.Debug|x86.ActiveCfg = Debug|Any CPU
		{67BF23A5-E30C-4837-AE27-6F5637669262}.Debug|x86.Build.0 = Debug|Any CPU
		{67BF23A5-E30C-4837-AE27-6F5637669262}.Release|Any CPU.ActiveCfg = Release|Any CPU
		{67BF23A5-E30C-4837-AE27-6F5637669262}.Release|Any CPU.Build.0 = Release|Any CPU
		{67BF23A5-E30C-4837-AE27-6F5637669262}.Release|x64.ActiveCfg = Release|Any CPU
		{67BF23A5-E30C-4837-AE27-6F5637669262}.Release|x64.Build.0 = Release|Any CPU
		{67BF23A5-E30C-4837-AE27-6F5637669262}.Release|x86.ActiveCfg = Release|Any CPU
		{67BF23A5-E30C-4837-AE27-6F5637669262}.Release|x86.Build.0 = Release|Any CPU
		{ADCE8ADB-B12E-4F48-AB5E-E960572F52FA}.Debug|Any CPU.ActiveCfg = Debug|Any CPU
		{ADCE8ADB-B12E-4F48-AB5E-E960572F52FA}.Debug|Any CPU.Build.0 = Debug|Any CPU
		{ADCE8ADB-B12E-4F48-AB5E-E960572F52FA}.Debug|x64.ActiveCfg = Debug|Any CPU
		{ADCE8ADB-B12E-4F48-AB5E-E960572F52FA}.Debug|x64.Build.0 = Debug|Any CPU
		{ADCE8ADB-B12E-4F48-AB5E-E960572F52FA}.Debug|x86.ActiveCfg = Debug|Any CPU
		{ADCE8ADB-B12E-4F48-AB5E-E960572F52FA}.Debug|x86.Build.0 = Debug|Any CPU
		{ADCE8ADB-B12E-4F48-AB5E-E960572F52FA}.Release|Any CPU.ActiveCfg = Release|Any CPU
		{ADCE8ADB-B12E-4F48-AB5E-E960572F52FA}.Release|Any CPU.Build.0 = Release|Any CPU
		{ADCE8ADB-B12E-4F48-AB5E-E960572F52FA}.Release|x64.ActiveCfg = Release|Any CPU
		{ADCE8ADB-B12E-4F48-AB5E-E960572F52FA}.Release|x64.Build.0 = Release|Any CPU
		{ADCE8ADB-B12E-4F48-AB5E-E960572F52FA}.Release|x86.ActiveCfg = Release|Any CPU
		{ADCE8ADB-B12E-4F48-AB5E-E960572F52FA}.Release|x86.Build.0 = Release|Any CPU
		{5619048B-FAE7-457A-9C30-93E293604DAD}.Debug|Any CPU.ActiveCfg = Debug|Any CPU
		{5619048B-FAE7-457A-9C30-93E293604DAD}.Debug|Any CPU.Build.0 = Debug|Any CPU
		{5619048B-FAE7-457A-9C30-93E293604DAD}.Debug|x64.ActiveCfg = Debug|Any CPU
		{5619048B-FAE7-457A-9C30-93E293604DAD}.Debug|x64.Build.0 = Debug|Any CPU
		{5619048B-FAE7-457A-9C30-93E293604DAD}.Debug|x86.ActiveCfg = Debug|Any CPU
		{5619048B-FAE7-457A-9C30-93E293604DAD}.Debug|x86.Build.0 = Debug|Any CPU
		{5619048B-FAE7-457A-9C30-93E293604DAD}.Release|Any CPU.ActiveCfg = Release|Any CPU
		{5619048B-FAE7-457A-9C30-93E293604DAD}.Release|Any CPU.Build.0 = Release|Any CPU
		{5619048B-FAE7-457A-9C30-93E293604DAD}.Release|x64.ActiveCfg = Release|Any CPU
		{5619048B-FAE7-457A-9C30-93E293604DAD}.Release|x64.Build.0 = Release|Any CPU
		{5619048B-FAE7-457A-9C30-93E293604DAD}.Release|x86.ActiveCfg = Release|Any CPU
		{5619048B-FAE7-457A-9C30-93E293604DAD}.Release|x86.Build.0 = Release|Any CPU
		{E7B8B37E-9DE0-49A1-BC1C-E1CB3F801D83}.Debug|Any CPU.ActiveCfg = Debug|Any CPU
		{E7B8B37E-9DE0-49A1-BC1C-E1CB3F801D83}.Debug|Any CPU.Build.0 = Debug|Any CPU
		{E7B8B37E-9DE0-49A1-BC1C-E1CB3F801D83}.Debug|x64.ActiveCfg = Debug|Any CPU
		{E7B8B37E-9DE0-49A1-BC1C-E1CB3F801D83}.Debug|x64.Build.0 = Debug|Any CPU
		{E7B8B37E-9DE0-49A1-BC1C-E1CB3F801D83}.Debug|x86.ActiveCfg = Debug|Any CPU
		{E7B8B37E-9DE0-49A1-BC1C-E1CB3F801D83}.Debug|x86.Build.0 = Debug|Any CPU
		{E7B8B37E-9DE0-49A1-BC1C-E1CB3F801D83}.Release|Any CPU.ActiveCfg = Release|Any CPU
		{E7B8B37E-9DE0-49A1-BC1C-E1CB3F801D83}.Release|Any CPU.Build.0 = Release|Any CPU
		{E7B8B37E-9DE0-49A1-BC1C-E1CB3F801D83}.Release|x64.ActiveCfg = Release|Any CPU
		{E7B8B37E-9DE0-49A1-BC1C-E1CB3F801D83}.Release|x64.Build.0 = Release|Any CPU
		{E7B8B37E-9DE0-49A1-BC1C-E1CB3F801D83}.Release|x86.ActiveCfg = Release|Any CPU
		{E7B8B37E-9DE0-49A1-BC1C-E1CB3F801D83}.Release|x86.Build.0 = Release|Any CPU
		{D42EFEB9-652E-4945-BF74-F7C49C920528}.Debug|Any CPU.ActiveCfg = Debug|Any CPU
		{D42EFEB9-652E-4945-BF74-F7C49C920528}.Debug|Any CPU.Build.0 = Debug|Any CPU
		{D42EFEB9-652E-4945-BF74-F7C49C920528}.Debug|x64.ActiveCfg = Debug|Any CPU
		{D42EFEB9-652E-4945-BF74-F7C49C920528}.Debug|x64.Build.0 = Debug|Any CPU
		{D42EFEB9-652E-4945-BF74-F7C49C920528}.Debug|x86.ActiveCfg = Debug|Any CPU
		{D42EFEB9-652E-4945-BF74-F7C49C920528}.Debug|x86.Build.0 = Debug|Any CPU
		{D42EFEB9-652E-4945-BF74-F7C49C920528}.Release|Any CPU.ActiveCfg = Release|Any CPU
		{D42EFEB9-652E-4945-BF74-F7C49C920528}.Release|Any CPU.Build.0 = Release|Any CPU
		{D42EFEB9-652E-4945-BF74-F7C49C920528}.Release|x64.ActiveCfg = Release|Any CPU
		{D42EFEB9-652E-4945-BF74-F7C49C920528}.Release|x64.Build.0 = Release|Any CPU
		{D42EFEB9-652E-4945-BF74-F7C49C920528}.Release|x86.ActiveCfg = Release|Any CPU
		{D42EFEB9-652E-4945-BF74-F7C49C920528}.Release|x86.Build.0 = Release|Any CPU
	EndGlobalSection
	GlobalSection(SolutionProperties) = preSolution
		HideSolutionNode = FALSE
	EndGlobalSection
	GlobalSection(NestedProjects) = preSolution
		{14938928-07CB-4068-84D2-D9095ECB8404} = {5450D088-3062-4362-AC08-650270315B93}
		{5615B929-5E7E-435A-B999-6F541A690AB5} = {5450D088-3062-4362-AC08-650270315B93}
		{D3C4343C-DA52-4F57-A25B-B59DBB003A6D} = {5450D088-3062-4362-AC08-650270315B93}
		{2D8EA17D-2D84-44FF-BB39-E614C4564F40} = {D3C4343C-DA52-4F57-A25B-B59DBB003A6D}
		{93FD0C0E-DCB5-4C51-AA19-B2DF5434C308} = {D3C4343C-DA52-4F57-A25B-B59DBB003A6D}
		{01BD28DA-E466-4B45-87A0-536F90017798} = {93FD0C0E-DCB5-4C51-AA19-B2DF5434C308}
		{AED64D0E-1AE8-4327-A295-DA8BB1AE0498} = {93FD0C0E-DCB5-4C51-AA19-B2DF5434C308}
		{8AF5F345-AAFE-418A-B28A-3A2351C49763} = {93FD0C0E-DCB5-4C51-AA19-B2DF5434C308}
		{14EA7765-8597-4994-9264-8A2112DE25DE} = {93FD0C0E-DCB5-4C51-AA19-B2DF5434C308}
		{F7AA4096-C16D-4EB2-A14A-E4530396C914} = {93FD0C0E-DCB5-4C51-AA19-B2DF5434C308}
		{2D3073D0-873B-4D0E-A216-D7734ACCE084} = {D41B8553-6233-40DC-8CB1-852EA3AAAF6F}
		{15C0A87B-7009-4A39-9490-C011B6E25AC6} = {D41B8553-6233-40DC-8CB1-852EA3AAAF6F}
		{97299267-C055-49F2-AE0D-F4E34D62BF2E} = {D41B8553-6233-40DC-8CB1-852EA3AAAF6F}
		{E7B33842-FF45-4090-B42C-5D53B5114EA9} = {5450D088-3062-4362-AC08-650270315B93}
		{FDD45663-1C6E-E651-49E9-B0C976B17E74} = {93FD0C0E-DCB5-4C51-AA19-B2DF5434C308}
		{7327F6F1-BE45-49EA-AFE2-90BFCEA827D3} = {5450D088-3062-4362-AC08-650270315B93}
		{30FA8068-2B88-61D1-3B36-11971ACBD7AE} = {93FD0C0E-DCB5-4C51-AA19-B2DF5434C308}
		{67BF23A5-E30C-4837-AE27-6F5637669262} = {30FA8068-2B88-61D1-3B36-11971ACBD7AE}
		{D922ADB3-57CC-7D7E-0280-FF7CD72A47B2} = {93FD0C0E-DCB5-4C51-AA19-B2DF5434C308}
		{2208AA3E-B9AB-4175-98AA-535D2AB91B6B} = {93FD0C0E-DCB5-4C51-AA19-B2DF5434C308}
		{ADCE8ADB-B12E-4F48-AB5E-E960572F52FA} = {5450D088-3062-4362-AC08-650270315B93}
		{5619048B-FAE7-457A-9C30-93E293604DAD} = {5450D088-3062-4362-AC08-650270315B93}
		{E7B8B37E-9DE0-49A1-BC1C-E1CB3F801D83} = {5450D088-3062-4362-AC08-650270315B93}
		{D42EFEB9-652E-4945-BF74-F7C49C920528} = {D41B8553-6233-40DC-8CB1-852EA3AAAF6F}
	EndGlobalSection
EndGlobal
