{
  "version": 1,
  "dependencies": {
    "net10.0": {
      "Microsoft.Bcl.Numerics": {
        "type": "Direct",
        "requested": "[10.0.2, )",
        "resolved": "10.0.2",
        "contentHash": "vFtK8LqmutIfUlXFMJvI24lHZDXuybFWdtGL/m1f5qi5cxlS719evYXy393XcQ8xxJc6xnM88lVNPhlmct7Hfw=="
      },
      "Microsoft.Extensions.ObjectPool": {
        "type": "Direct",
        "requested": "[10.0.2, )",
        "resolved": "10.0.2",
        "contentHash": "kpCp4m7nwJVBcRKWXYHdVK/W0dkKyyFOjCmKVdO+zKThWvUxP1V+jVEP9FGpqRu4GPl9041SEXu2f+U/l825nQ=="
      },
      "Microsoft.SemanticKernel.Connectors.Onnx": {
        "type": "Direct",
        "requested": "[1.70.0-alpha, )",
        "resolved": "1.70.0-alpha",
        "contentHash": "7gLIzoiNpiW/jKv21GVGLonzhgKjBJbMXPmErT0P4n8V/rCUHlbfjJx+cQ0lmALcSqUdrsHOOAI46eOESdCD0Q==",
        "dependencies": {
          "FastBertTokenizer": "1.0.28",
          "Microsoft.ML.OnnxRuntime": "1.23.2",
          "Microsoft.ML.OnnxRuntimeGenAI": "0.11.4",
          "Microsoft.SemanticKernel.Core": "1.70.0"
        }
      },
      "System.Numerics.Tensors": {
        "type": "Direct",
        "requested": "[10.0.2, )",
        "resolved": "10.0.2",
        "contentHash": "EzimXy5WX7RJxf1pHBfolBApA4GR7qje1cY9XofD4C+cQepx0a5ZVlZjde8NHk+W1+6kltrbbfa8LIOVpTM6yQ=="
      },
      "System.Runtime.Caching": {
        "type": "Direct",
        "requested": "[10.0.2, )",
        "resolved": "10.0.2",
        "contentHash": "AGEWTfcRquE3Ggd1KgZcc7Y0He3dvDWv+LEtSp/Az582APXoYj/LjxLMEA2jT3wFE8zgBjwbU/apE5kDanfRqw==",
        "dependencies": {
          "System.Configuration.ConfigurationManager": "10.0.2"
        }
      },
      "FastBertTokenizer": {
        "type": "Transitive",
        "resolved": "1.0.28",
        "contentHash": "7luZ+kHNzGesTIri8FfTEq6hLqPrMkd0Gq4KdFyytqDnqSueuQckxzqb7yYI6FOL9ucEwD7szMJAXDfcaywJ2A=="
      },
      "Microsoft.Bcl.HashCode": {
        "type": "Transitive",
        "resolved": "1.1.1",
        "contentHash": "MalY0Y/uM/LjXtHfX/26l2VtN4LDNZ2OE3aumNOHDLsT4fNYy2hiHXI4CXCqKpNUNm7iJ2brrc4J89UdaL56FA=="
      },
      "Microsoft.Extensions.AI": {
        "type": "Transitive",
        "resolved": "10.2.0",
        "contentHash": "hKLdKfwzwQ30Z5hA1DwHFvJJtRuyPmf41Es6t8DXW4PE/6caWK4qSDRY3i+QYmYbIVXnPlVR5xXQjYNz07giNg==",
        "dependencies": {
          "Microsoft.Extensions.AI.Abstractions": "10.2.0",
          "Microsoft.Extensions.Caching.Abstractions": "10.0.2",
          "Microsoft.Extensions.DependencyInjection.Abstractions": "10.0.2",
          "Microsoft.Extensions.Logging.Abstractions": "10.0.2",
          "System.Numerics.Tensors": "10.0.2"
        }
      },
      "Microsoft.Extensions.AI.Abstractions": {
        "type": "Transitive",
        "resolved": "10.2.0",
        "contentHash": "ONGlIBht0ygEdKc0bCt9XWUiq19/460dAu7fCKzPM34OFJSMQIohEDTJwjCJ8vVp8znNakloc9xFF9+R/eDCYQ=="
      },
      "Microsoft.Extensions.Caching.Abstractions": {
        "type": "Transitive",
        "resolved": "10.0.2",
        "contentHash": "WIRPDa/qoKHmJhTAPCO/zLu9kRLQ2Fd6HD5tzgdXJ3xGEVXDHP6FvakKJjynwKrVDld8H4G4tcbW53wuC/wxMQ==",
        "dependencies": {
          "Microsoft.Extensions.Primitives": "10.0.2"
        }
      },
      "Microsoft.Extensions.Configuration.Abstractions": {
        "type": "Transitive",
        "resolved": "10.0.2",
        "contentHash": "KC5PslaTDnTuTvyke0KYAVBYdZ7IVTsU3JhHe69BpEbHLcj1YThP3bIGtZNOkZfast2AuLnul5lk4rZKxAdUGQ==",
        "dependencies": {
          "Microsoft.Extensions.Primitives": "10.0.2"
        }
      },
      "Microsoft.Extensions.DependencyInjection": {
        "type": "Transitive",
        "resolved": "10.0.2",
        "contentHash": "J/Zmp6fY93JbaiZ11ckWvcyxMPjD6XVwIHQXBjryTBgn7O6O20HYg9uVLFcZlNfgH78MnreE/7EH+hjfzn7VyA==",
        "dependencies": {
          "Microsoft.Extensions.DependencyInjection.Abstractions": "10.0.2"
        }
      },
      "Microsoft.Extensions.DependencyInjection.Abstractions": {
        "type": "Transitive",
        "resolved": "10.0.2",
        "contentHash": "zOIurr59+kUf9vNcsUkCvKWZv+fPosUZXURZesYkJCvl0EzTc9F7maAO4Cd2WEV7ZJJ0AZrFQvuH6Npph9wdBw=="
      },
      "Microsoft.Extensions.Logging.Abstractions": {
        "type": "Transitive",
        "resolved": "10.0.2",
        "contentHash": "RZkez/JjpnO+MZ6efKkSynN6ZztLpw3WbxNzjLCPBd97wWj1S9ZYPWi0nmT4kWBRa6atHsdM1ydGkUr8GudyDQ==",
        "dependencies": {
          "Microsoft.Extensions.DependencyInjection.Abstractions": "10.0.2"
        }
      },
      "Microsoft.Extensions.Primitives": {
        "type": "Transitive",
        "resolved": "10.0.2",
        "contentHash": "QmSiO+oLBEooGgB3i0GRXyeYRDHjllqt3k365jwfZlYWhvSHA3UL2NEVV5m8aZa041eIlblo6KMI5txvTMpTwA=="
      },
      "Microsoft.Extensions.VectorData.Abstractions": {
        "type": "Transitive",
        "resolved": "9.7.0",
        "contentHash": "Vth/omSCX2vR0JabzSRU/hdPhr0CvUVZlaS2lJPWHrEwvak8ntrQLDtLMtMiWKSvviGBe/WmjUW8gA3qqn9tjw==",
        "dependencies": {
          "Microsoft.Extensions.AI.Abstractions": "9.5.0"
        }
      },
      "Microsoft.ML.OnnxRuntime": {
        "type": "Transitive",
        "resolved": "1.23.2",
        "contentHash": "849xImRO0vxDH7DNlg/FAVGExKfjN1r2CIZevZGI5JQCoOj+0T23ShqPEgu5mLTwElot5X7V0qkO0jUz/yJZbA==",
        "dependencies": {
          "Microsoft.ML.OnnxRuntime.Managed": "1.23.2"
        }
      },
      "Microsoft.ML.OnnxRuntime.Managed": {
        "type": "Transitive",
        "resolved": "1.23.2",
        "contentHash": "HtlQuzmVrqhnkmwfmkQ+2re8xPxtVmeLRQaYSJ3pXfzKs4b36+yBfa/LnDuzfX1bGcyWn/McKxmbY87TCAmo1Q==",
        "dependencies": {
          "System.Numerics.Tensors": "9.0.0"
        }
      },
      "Microsoft.ML.OnnxRuntimeGenAI": {
        "type": "Transitive",
        "resolved": "0.11.4",
        "contentHash": "1ZswbhnSS9dszFIbXjNfjS9g+3NEonO/MhFKTU2dB2mkMnLsR/r9QNUkpuNA50q2dwOCUq7/k7tyBBrnGLS6gA==",
        "dependencies": {
          "Microsoft.ML.OnnxRuntime": "1.23.2",
          "Microsoft.ML.OnnxRuntimeGenAI.Managed": "0.11.4"
        }
      },
      "Microsoft.ML.OnnxRuntimeGenAI.Managed": {
        "type": "Transitive",
        "resolved": "0.11.4",
        "contentHash": "qNVk+gFtQKYm4qIZWMKHO4rqXMUtTtCfkoPLVFdMez2CTIJ7mPk8S5Cjpvm+Il3Cl8ithIj25XSfl85wl+viPQ==",
        "dependencies": {
          "Microsoft.Extensions.AI.Abstractions": "9.8.0"
        }
      },
      "Microsoft.SemanticKernel.Abstractions": {
        "type": "Transitive",
        "resolved": "1.70.0",
        "contentHash": "bHIxvKGPK6C1mT4ynxwLXIuTuhYq6nVrtBEYw/BWK9inaeNCirlronhweM8zB+l5W+pdNbvAd+YPdMUk5Bp5FQ==",
        "dependencies": {
          "Microsoft.Bcl.HashCode": "1.1.1",
          "Microsoft.Extensions.AI": "10.2.0",
          "Microsoft.Extensions.VectorData.Abstractions": "9.7.0"
        }
      },
      "Microsoft.SemanticKernel.Core": {
        "type": "Transitive",
        "resolved": "1.70.0",
        "contentHash": "FRax0YvIfnhPtcQhwqZZWhgqM4cFM8ByfNfo6TfYhBkTBwh+ybvZ2Ga6sjJ4Xa+ZjZEXKS3Mfq8fZKfcwa6MjQ==",
        "dependencies": {
          "Microsoft.Extensions.DependencyInjection": "10.0.2",
          "Microsoft.SemanticKernel.Abstractions": "1.70.0",
          "System.Numerics.Tensors": "10.0.2"
        }
      },
      "System.Configuration.ConfigurationManager": {
        "type": "Transitive",
        "resolved": "10.0.2",
        "contentHash": "UpBPpVzF+xbB3GsBrraPvlYCwUiOhs+RLxnTMKLqDs2gNNaAtxQRlKjXfMV3zxE+hiQkGId5olZ+9tE6xXHdwQ==",
        "dependencies": {
          "System.Diagnostics.EventLog": "10.0.2",
          "System.Security.Cryptography.ProtectedData": "10.0.2"
        }
      },
      "System.Diagnostics.EventLog": {
        "type": "Transitive",
        "resolved": "10.0.2",
        "contentHash": "TJPpTLF5MFPobq09c9BQ5X8QuviQfsKvH0Jbm7MkGylGvfIdRqJQLZDPC5sMRFkk9aZhmgir1NJKekip2NxfaA=="
      },
      "System.Security.Cryptography.ProtectedData": {
        "type": "Transitive",
        "resolved": "10.0.2",
        "contentHash": "me7W69hkjdu5EzHXCQSXv9OS3uAkMXT26oZuWTaabeoO5BPxSVuRVJ2FSfIW8xyGxBb6mKCE6ZKg7TLk3IzJBQ=="
      },
      "smartcomponents.inference": {
        "type": "Project",
        "dependencies": {
          "Microsoft.Extensions.Configuration.Abstractions": "[10.0.2, )",
          "Microsoft.Extensions.Logging.Abstractions": "[10.0.2, )"
        }
      }
    },
    "net10.0/linux-arm64": {
      "System.Runtime.Caching": {
        "type": "Direct",
        "requested": "[10.0.2, )",
        "resolved": "10.0.2",
        "contentHash": "AGEWTfcRquE3Ggd1KgZcc7Y0He3dvDWv+LEtSp/Az582APXoYj/LjxLMEA2jT3wFE8zgBjwbU/apE5kDanfRqw==",
        "dependencies": {
          "System.Configuration.ConfigurationManager": "10.0.2"
        }
      },
      "Microsoft.ML.OnnxRuntime": {
        "type": "Transitive",
        "resolved": "1.23.2",
        "contentHash": "849xImRO0vxDH7DNlg/FAVGExKfjN1r2CIZevZGI5JQCoOj+0T23ShqPEgu5mLTwElot5X7V0qkO0jUz/yJZbA==",
        "dependencies": {
          "Microsoft.ML.OnnxRuntime.Managed": "1.23.2"
        }
      },
      "Microsoft.ML.OnnxRuntimeGenAI": {
        "type": "Transitive",
        "resolved": "0.11.4",
        "contentHash": "1ZswbhnSS9dszFIbXjNfjS9g+3NEonO/MhFKTU2dB2mkMnLsR/r9QNUkpuNA50q2dwOCUq7/k7tyBBrnGLS6gA==",
        "dependencies": {
          "Microsoft.ML.OnnxRuntime": "1.23.2",
          "Microsoft.ML.OnnxRuntimeGenAI.Managed": "0.11.4"
        }
      },
      "System.Diagnostics.EventLog": {
        "type": "Transitive",
        "resolved": "10.0.2",
        "contentHash": "TJPpTLF5MFPobq09c9BQ5X8QuviQfsKvH0Jbm7MkGylGvfIdRqJQLZDPC5sMRFkk9aZhmgir1NJKekip2NxfaA=="
      }
    },
    "net10.0/linux-x64": {
      "System.Runtime.Caching": {
        "type": "Direct",
        "requested": "[10.0.2, )",
        "resolved": "10.0.2",
        "contentHash": "AGEWTfcRquE3Ggd1KgZcc7Y0He3dvDWv+LEtSp/Az582APXoYj/LjxLMEA2jT3wFE8zgBjwbU/apE5kDanfRqw==",
        "dependencies": {
          "System.Configuration.ConfigurationManager": "10.0.2"
        }
      },
      "Microsoft.ML.OnnxRuntime": {
        "type": "Transitive",
        "resolved": "1.23.2",
        "contentHash": "849xImRO0vxDH7DNlg/FAVGExKfjN1r2CIZevZGI5JQCoOj+0T23ShqPEgu5mLTwElot5X7V0qkO0jUz/yJZbA==",
        "dependencies": {
          "Microsoft.ML.OnnxRuntime.Managed": "1.23.2"
        }
      },
      "Microsoft.ML.OnnxRuntimeGenAI": {
        "type": "Transitive",
        "resolved": "0.11.4",
        "contentHash": "1ZswbhnSS9dszFIbXjNfjS9g+3NEonO/MhFKTU2dB2mkMnLsR/r9QNUkpuNA50q2dwOCUq7/k7tyBBrnGLS6gA==",
        "dependencies": {
          "Microsoft.ML.OnnxRuntime": "1.23.2",
          "Microsoft.ML.OnnxRuntimeGenAI.Managed": "0.11.4"
        }
      },
      "System.Diagnostics.EventLog": {
        "type": "Transitive",
        "resolved": "10.0.2",
        "contentHash": "TJPpTLF5MFPobq09c9BQ5X8QuviQfsKvH0Jbm7MkGylGvfIdRqJQLZDPC5sMRFkk9aZhmgir1NJKekip2NxfaA=="
      }
    },
    "net10.0/osx-arm64": {
      "System.Runtime.Caching": {
        "type": "Direct",
        "requested": "[10.0.2, )",
        "resolved": "10.0.2",
        "contentHash": "AGEWTfcRquE3Ggd1KgZcc7Y0He3dvDWv+LEtSp/Az582APXoYj/LjxLMEA2jT3wFE8zgBjwbU/apE5kDanfRqw==",
        "dependencies": {
          "System.Configuration.ConfigurationManager": "10.0.2"
        }
      },
      "Microsoft.ML.OnnxRuntime": {
        "type": "Transitive",
        "resolved": "1.23.2",
        "contentHash": "849xImRO0vxDH7DNlg/FAVGExKfjN1r2CIZevZGI5JQCoOj+0T23ShqPEgu5mLTwElot5X7V0qkO0jUz/yJZbA==",
        "dependencies": {
          "Microsoft.ML.OnnxRuntime.Managed": "1.23.2"
        }
      },
      "Microsoft.ML.OnnxRuntimeGenAI": {
        "type": "Transitive",
        "resolved": "0.11.4",
        "contentHash": "1ZswbhnSS9dszFIbXjNfjS9g+3NEonO/MhFKTU2dB2mkMnLsR/r9QNUkpuNA50q2dwOCUq7/k7tyBBrnGLS6gA==",
        "dependencies": {
          "Microsoft.ML.OnnxRuntime": "1.23.2",
          "Microsoft.ML.OnnxRuntimeGenAI.Managed": "0.11.4"
        }
      },
      "System.Diagnostics.EventLog": {
        "type": "Transitive",
        "resolved": "10.0.2",
        "contentHash": "TJPpTLF5MFPobq09c9BQ5X8QuviQfsKvH0Jbm7MkGylGvfIdRqJQLZDPC5sMRFkk9aZhmgir1NJKekip2NxfaA=="
      }
    },
    "net10.0/osx-x64": {
      "System.Runtime.Caching": {
        "type": "Direct",
        "requested": "[10.0.2, )",
        "resolved": "10.0.2",
        "contentHash": "AGEWTfcRquE3Ggd1KgZcc7Y0He3dvDWv+LEtSp/Az582APXoYj/LjxLMEA2jT3wFE8zgBjwbU/apE5kDanfRqw==",
        "dependencies": {
          "System.Configuration.ConfigurationManager": "10.0.2"
        }
      },
      "Microsoft.ML.OnnxRuntime": {
        "type": "Transitive",
        "resolved": "1.23.2",
        "contentHash": "849xImRO0vxDH7DNlg/FAVGExKfjN1r2CIZevZGI5JQCoOj+0T23ShqPEgu5mLTwElot5X7V0qkO0jUz/yJZbA==",
        "dependencies": {
          "Microsoft.ML.OnnxRuntime.Managed": "1.23.2"
        }
      },
      "Microsoft.ML.OnnxRuntimeGenAI": {
        "type": "Transitive",
        "resolved": "0.11.4",
        "contentHash": "1ZswbhnSS9dszFIbXjNfjS9g+3NEonO/MhFKTU2dB2mkMnLsR/r9QNUkpuNA50q2dwOCUq7/k7tyBBrnGLS6gA==",
        "dependencies": {
          "Microsoft.ML.OnnxRuntime": "1.23.2",
          "Microsoft.ML.OnnxRuntimeGenAI.Managed": "0.11.4"
        }
      },
      "System.Diagnostics.EventLog": {
        "type": "Transitive",
        "resolved": "10.0.2",
        "contentHash": "TJPpTLF5MFPobq09c9BQ5X8QuviQfsKvH0Jbm7MkGylGvfIdRqJQLZDPC5sMRFkk9aZhmgir1NJKekip2NxfaA=="
      }
    },
    "net10.0/win-x64": {
      "System.Runtime.Caching": {
        "type": "Direct",
        "requested": "[10.0.2, )",
        "resolved": "10.0.2",
        "contentHash": "AGEWTfcRquE3Ggd1KgZcc7Y0He3dvDWv+LEtSp/Az582APXoYj/LjxLMEA2jT3wFE8zgBjwbU/apE5kDanfRqw==",
        "dependencies": {
          "System.Configuration.ConfigurationManager": "10.0.2"
        }
      },
      "Microsoft.ML.OnnxRuntime": {
        "type": "Transitive",
        "resolved": "1.23.2",
        "contentHash": "849xImRO0vxDH7DNlg/FAVGExKfjN1r2CIZevZGI5JQCoOj+0T23ShqPEgu5mLTwElot5X7V0qkO0jUz/yJZbA==",
        "dependencies": {
          "Microsoft.ML.OnnxRuntime.Managed": "1.23.2"
        }
      },
      "Microsoft.ML.OnnxRuntimeGenAI": {
        "type": "Transitive",
        "resolved": "0.11.4",
        "contentHash": "1ZswbhnSS9dszFIbXjNfjS9g+3NEonO/MhFKTU2dB2mkMnLsR/r9QNUkpuNA50q2dwOCUq7/k7tyBBrnGLS6gA==",
        "dependencies": {
          "Microsoft.ML.OnnxRuntime": "1.23.2",
          "Microsoft.ML.OnnxRuntimeGenAI.Managed": "0.11.4"
        }
      },
      "System.Diagnostics.EventLog": {
        "type": "Transitive",
        "resolved": "10.0.2",
        "contentHash": "TJPpTLF5MFPobq09c9BQ5X8QuviQfsKvH0Jbm7MkGylGvfIdRqJQLZDPC5sMRFkk9aZhmgir1NJKekip2NxfaA=="
      }
    }
  }
}